// !$*UTF8*$!
{
	archiveVersion = 1;
	classes = {
	};
	objectVersion = 51;
	objects = {

/* Begin PBXBuildFile section */
		E82D22897030080E03C3EFA6 /* Pods_MindBowser_Assignment.framework in Frameworks */ = {isa = PBXBuildFile; fileRef = 2351088DF2D4FBB66DF5A97A /* Pods_MindBowser_Assignment.framework */; };
		F8AC110322C74F9E00029AF5 /* AppDelegate.swift in Sources */ = {isa = PBXBuildFile; fileRef = F8AC110222C74F9D00029AF5 /* AppDelegate.swift */; };
		F8AC110D22C74F9F00029AF5 /* LaunchScreen.storyboard in Resources */ = {isa = PBXBuildFile; fileRef = F8AC110B22C74F9F00029AF5 /* LaunchScreen.storyboard */; };
		F8AC111822C7549700029AF5 /* LoginViewController.swift in Sources */ = {isa = PBXBuildFile; fileRef = F8AC111722C7549700029AF5 /* LoginViewController.swift */; };
		F8AC111A22C754A700029AF5 /* UserDetailsCollectionViewCell.swift in Sources */ = {isa = PBXBuildFile; fileRef = F8AC111922C754A700029AF5 /* UserDetailsCollectionViewCell.swift */; };
		F8AC111C22C754CD00029AF5 /* Main.storyboard in Resources */ = {isa = PBXBuildFile; fileRef = F8AC111B22C754CD00029AF5 /* Main.storyboard */; };
		F8AC111E22C7550A00029AF5 /* Assets.xcassets in Resources */ = {isa = PBXBuildFile; fileRef = F8AC111D22C7550A00029AF5 /* Assets.xcassets */; };
		F8AC112022C7593300029AF5 /* ApiManager.swift in Sources */ = {isa = PBXBuildFile; fileRef = F8AC111F22C7593300029AF5 /* ApiManager.swift */; };
		F8AC112422C75A1100029AF5 /* ApiConstants.swift in Sources */ = {isa = PBXBuildFile; fileRef = F8AC112322C75A1100029AF5 /* ApiConstants.swift */; };
		F8AC112622C75A5100029AF5 /* StringConstants.swift in Sources */ = {isa = PBXBuildFile; fileRef = F8AC112522C75A5100029AF5 /* StringConstants.swift */; };
		F8AC112822C7834100029AF5 /* ProfileViewController.swift in Sources */ = {isa = PBXBuildFile; fileRef = F8AC112722C7834100029AF5 /* ProfileViewController.swift */; };
		F8AC112A22C7835300029AF5 /* StreachyProfileHeaderLayout.swift in Sources */ = {isa = PBXBuildFile; fileRef = F8AC112922C7835300029AF5 /* StreachyProfileHeaderLayout.swift */; };
		F8AC112C22C7836700029AF5 /* ProfileHeaderView.swift in Sources */ = {isa = PBXBuildFile; fileRef = F8AC112B22C7836600029AF5 /* ProfileHeaderView.swift */; };
		F8AC113122C783E300029AF5 /* Ext-UIImageView.swift in Sources */ = {isa = PBXBuildFile; fileRef = F8AC113022C783E300029AF5 /* Ext-UIImageView.swift */; };
		F8AC113322C784C900029AF5 /* Ext-UIViewController.swift in Sources */ = {isa = PBXBuildFile; fileRef = F8AC113222C784C900029AF5 /* Ext-UIViewController.swift */; };
/* End PBXBuildFile section */

/* Begin PBXFileReference section */
		2351088DF2D4FBB66DF5A97A /* Pods_MindBowser_Assignment.framework */ = {isa = PBXFileReference; explicitFileType = wrapper.framework; includeInIndex = 0; path = Pods_MindBowser_Assignment.framework; sourceTree = BUILT_PRODUCTS_DIR; };
		8D6F44C88FED3216DCD18701 /* Pods-MindBowser_Assignment.release.xcconfig */ = {isa = PBXFileReference; includeInIndex = 1; lastKnownFileType = text.xcconfig; name = "Pods-MindBowser_Assignment.release.xcconfig"; path = "Target Support Files/Pods-MindBowser_Assignment/Pods-MindBowser_Assignment.release.xcconfig"; sourceTree = "<group>"; };
		99B68F0B640A0FDB08E64CA8 /* Pods-MindBowser_Assignment.debug.xcconfig */ = {isa = PBXFileReference; includeInIndex = 1; lastKnownFileType = text.xcconfig; name = "Pods-MindBowser_Assignment.debug.xcconfig"; path = "Target Support Files/Pods-MindBowser_Assignment/Pods-MindBowser_Assignment.debug.xcconfig"; sourceTree = "<group>"; };
		F8AC10FF22C74F9D00029AF5 /* MindBowser_Assignment.app */ = {isa = PBXFileReference; explicitFileType = wrapper.application; includeInIndex = 0; path = MindBowser_Assignment.app; sourceTree = BUILT_PRODUCTS_DIR; };
		F8AC110222C74F9D00029AF5 /* AppDelegate.swift */ = {isa = PBXFileReference; lastKnownFileType = sourcecode.swift; path = AppDelegate.swift; sourceTree = "<group>"; };
		F8AC110C22C74F9F00029AF5 /* Base */ = {isa = PBXFileReference; lastKnownFileType = file.storyboard; name = Base; path = Base.lproj/LaunchScreen.storyboard; sourceTree = "<group>"; };
		F8AC110E22C74F9F00029AF5 /* Info.plist */ = {isa = PBXFileReference; lastKnownFileType = text.plist.xml; path = Info.plist; sourceTree = "<group>"; };
		F8AC111722C7549700029AF5 /* LoginViewController.swift */ = {isa = PBXFileReference; fileEncoding = 4; lastKnownFileType = sourcecode.swift; path = LoginViewController.swift; sourceTree = "<group>"; };
		F8AC111922C754A700029AF5 /* UserDetailsCollectionViewCell.swift */ = {isa = PBXFileReference; fileEncoding = 4; lastKnownFileType = sourcecode.swift; path = UserDetailsCollectionViewCell.swift; sourceTree = "<group>"; };
		F8AC111B22C754CD00029AF5 /* Main.storyboard */ = {isa = PBXFileReference; fileEncoding = 4; lastKnownFileType = file.storyboard; path = Main.storyboard; sourceTree = "<group>"; };
		F8AC111D22C7550A00029AF5 /* Assets.xcassets */ = {isa = PBXFileReference; lastKnownFileType = folder.assetcatalog; path = Assets.xcassets; sourceTree = "<group>"; };
		F8AC111F22C7593300029AF5 /* ApiManager.swift */ = {isa = PBXFileReference; lastKnownFileType = sourcecode.swift; path = ApiManager.swift; sourceTree = "<group>"; };
		F8AC112322C75A1100029AF5 /* ApiConstants.swift */ = {isa = PBXFileReference; lastKnownFileType = sourcecode.swift; path = ApiConstants.swift; sourceTree = "<group>"; };
		F8AC112522C75A5100029AF5 /* StringConstants.swift */ = {isa = PBXFileReference; lastKnownFileType = sourcecode.swift; path = StringConstants.swift; sourceTree = "<group>"; };
		F8AC112722C7834100029AF5 /* ProfileViewController.swift */ = {isa = PBXFileReference; fileEncoding = 4; lastKnownFileType = sourcecode.swift; path = ProfileViewController.swift; sourceTree = "<group>"; };
		F8AC112922C7835300029AF5 /* StreachyProfileHeaderLayout.swift */ = {isa = PBXFileReference; fileEncoding = 4; lastKnownFileType = sourcecode.swift; path = StreachyProfileHeaderLayout.swift; sourceTree = "<group>"; };
		F8AC112B22C7836600029AF5 /* ProfileHeaderView.swift */ = {isa = PBXFileReference; fileEncoding = 4; lastKnownFileType = sourcecode.swift; path = ProfileHeaderView.swift; sourceTree = "<group>"; };
		F8AC113022C783E300029AF5 /* Ext-UIImageView.swift */ = {isa = PBXFileReference; lastKnownFileType = sourcecode.swift; path = "Ext-UIImageView.swift"; sourceTree = "<group>"; };
		F8AC113222C784C900029AF5 /* Ext-UIViewController.swift */ = {isa = PBXFileReference; lastKnownFileType = sourcecode.swift; path = "Ext-UIViewController.swift"; sourceTree = "<group>"; };
/* End PBXFileReference section */

/* Begin PBXFrameworksBuildPhase section */
		F8AC10FC22C74F9D00029AF5 /* Frameworks */ = {
			isa = PBXFrameworksBuildPhase;
			buildActionMask = 2147483647;
			files = (
				E82D22897030080E03C3EFA6 /* Pods_MindBowser_Assignment.framework in Frameworks */,
			);
			runOnlyForDeploymentPostprocessing = 0;
		};
/* End PBXFrameworksBuildPhase section */

/* Begin PBXGroup section */
		53BBC080F3A067AF2660BF8C /* Frameworks */ = {
			isa = PBXGroup;
			children = (
				2351088DF2D4FBB66DF5A97A /* Pods_MindBowser_Assignment.framework */,
			);
			name = Frameworks;
			sourceTree = "<group>";
		};
		F672B998BDB8CBE2470BD48F /* Pods */ = {
			isa = PBXGroup;
			children = (
				99B68F0B640A0FDB08E64CA8 /* Pods-MindBowser_Assignment.debug.xcconfig */,
				8D6F44C88FED3216DCD18701 /* Pods-MindBowser_Assignment.release.xcconfig */,
			);
			path = Pods;
			sourceTree = "<group>";
		};
		F8AC10F622C74F9D00029AF5 = {
			isa = PBXGroup;
			children = (
				F8AC110122C74F9D00029AF5 /* MindBowser_Assignment */,
				F8AC110022C74F9D00029AF5 /* Products */,
				F672B998BDB8CBE2470BD48F /* Pods */,
				53BBC080F3A067AF2660BF8C /* Frameworks */,
			);
			sourceTree = "<group>";
		};
		F8AC110022C74F9D00029AF5 /* Products */ = {
			isa = PBXGroup;
			children = (
				F8AC10FF22C74F9D00029AF5 /* MindBowser_Assignment.app */,
			);
			name = Products;
			sourceTree = "<group>";
		};
		F8AC110122C74F9D00029AF5 /* MindBowser_Assignment */ = {
			isa = PBXGroup;
			children = (
				F8AC112122C7593C00029AF5 /* Business */,
				F8AC111422C7545B00029AF5 /* Model */,
				F8AC111622C7546F00029AF5 /* Views */,
				F8AC111522C7546300029AF5 /* Controller */,
				F8AC110222C74F9D00029AF5 /* AppDelegate.swift */,
				F8AC110B22C74F9F00029AF5 /* LaunchScreen.storyboard */,
				F8AC111D22C7550A00029AF5 /* Assets.xcassets */,
				F8AC110E22C74F9F00029AF5 /* Info.plist */,
			);
			path = MindBowser_Assignment;
			sourceTree = "<group>";
		};
		F8AC111422C7545B00029AF5 /* Model */ = {
			isa = PBXGroup;
			children = (
			);
			path = Model;
			sourceTree = "<group>";
		};
		F8AC111522C7546300029AF5 /* Controller */ = {
			isa = PBXGroup;
			children = (
				F8AC112D22C7837300029AF5 /* Login */,
				F8AC112E22C7838B00029AF5 /* UserProfile */,
			);
			path = Controller;
			sourceTree = "<group>";
		};
		F8AC111622C7546F00029AF5 /* Views */ = {
			isa = PBXGroup;
			children = (
				F8AC111B22C754CD00029AF5 /* Main.storyboard */,
			);
			path = Views;
			sourceTree = "<group>";
		};
		F8AC112122C7593C00029AF5 /* Business */ = {
			isa = PBXGroup;
			children = (
				F8AC113422C785FF00029AF5 /* ApiManager */,
				F8AC112F22C783B700029AF5 /* Utils */,
				F8AC112222C7595700029AF5 /* Constants */,
			);
			path = Business;
			sourceTree = "<group>";
		};
		F8AC112222C7595700029AF5 /* Constants */ = {
			isa = PBXGroup;
			children = (
				F8AC112322C75A1100029AF5 /* ApiConstants.swift */,
				F8AC112522C75A5100029AF5 /* StringConstants.swift */,
			);
			path = Constants;
			sourceTree = "<group>";
		};
		F8AC112D22C7837300029AF5 /* Login */ = {
			isa = PBXGroup;
			children = (
				F8AC111722C7549700029AF5 /* LoginViewController.swift */,
			);
			path = Login;
			sourceTree = "<group>";
		};
		F8AC112E22C7838B00029AF5 /* UserProfile */ = {
			isa = PBXGroup;
			children = (
				F8AC112722C7834100029AF5 /* ProfileViewController.swift */,
				F8AC113522C7869800029AF5 /* Cells */,
				F8AC113622C786A600029AF5 /* CustomLayout */,
			);
			path = UserProfile;
			sourceTree = "<group>";
		};
		F8AC112F22C783B700029AF5 /* Utils */ = {
			isa = PBXGroup;
			children = (
				F8AC113022C783E300029AF5 /* Ext-UIImageView.swift */,
				F8AC113222C784C900029AF5 /* Ext-UIViewController.swift */,
			);
			path = Utils;
			sourceTree = "<group>";
		};
		F8AC113422C785FF00029AF5 /* ApiManager */ = {
			isa = PBXGroup;
			children = (
				F8AC111F22C7593300029AF5 /* ApiManager.swift */,
			);
			path = ApiManager;
			sourceTree = "<group>";
		};
		F8AC113522C7869800029AF5 /* Cells */ = {
			isa = PBXGroup;
			children = (
				F8AC112B22C7836600029AF5 /* ProfileHeaderView.swift */,
				F8AC111922C754A700029AF5 /* UserDetailsCollectionViewCell.swift */,
			);
			path = Cells;
			sourceTree = "<group>";
		};
		F8AC113622C786A600029AF5 /* CustomLayout */ = {
			isa = PBXGroup;
			children = (
				F8AC112922C7835300029AF5 /* StreachyProfileHeaderLayout.swift */,
			);
			path = CustomLayout;
			sourceTree = "<group>";
		};
/* End PBXGroup section */

/* Begin PBXNativeTarget section */
		F8AC10FE22C74F9D00029AF5 /* MindBowser_Assignment */ = {
			isa = PBXNativeTarget;
			buildConfigurationList = F8AC111122C74F9F00029AF5 /* Build configuration list for PBXNativeTarget "MindBowser_Assignment" */;
			buildPhases = (
				01DCC35A33F3E58DFA742F9B /* [CP] Check Pods Manifest.lock */,
				F8AC10FB22C74F9D00029AF5 /* Sources */,
				F8AC10FC22C74F9D00029AF5 /* Frameworks */,
				F8AC10FD22C74F9D00029AF5 /* Resources */,
				7C37CE8515C20C483428806E /* [CP] Embed Pods Frameworks */,
				8899503D0DB8D32EA6890F8E /* [CP] Copy Pods Resources */,
			);
			buildRules = (
			);
			dependencies = (
			);
			name = MindBowser_Assignment;
			productName = MindBowser_Assignment;
			productReference = F8AC10FF22C74F9D00029AF5 /* MindBowser_Assignment.app */;
			productType = "com.apple.product-type.application";
		};
/* End PBXNativeTarget section */

/* Begin PBXProject section */
		F8AC10F722C74F9D00029AF5 /* Project object */ = {
			isa = PBXProject;
			attributes = {
				LastSwiftUpdateCheck = 1020;
				LastUpgradeCheck = 1020;
				ORGANIZATIONNAME = Harshal;
				TargetAttributes = {
					F8AC10FE22C74F9D00029AF5 = {
						CreatedOnToolsVersion = 10.2;
					};
				};
			};
			buildConfigurationList = F8AC10FA22C74F9D00029AF5 /* Build configuration list for PBXProject "MindBowser_Assignment" */;
			compatibilityVersion = "Xcode 9.3";
			developmentRegion = en;
			hasScannedForEncodings = 0;
			knownRegions = (
				en,
				Base,
			);
			mainGroup = F8AC10F622C74F9D00029AF5;
			productRefGroup = F8AC110022C74F9D00029AF5 /* Products */;
			projectDirPath = "";
			projectRoot = "";
			targets = (
				F8AC10FE22C74F9D00029AF5 /* MindBowser_Assignment */,
			);
		};
/* End PBXProject section */

/* Begin PBXResourcesBuildPhase section */
		F8AC10FD22C74F9D00029AF5 /* Resources */ = {
			isa = PBXResourcesBuildPhase;
			buildActionMask = 2147483647;
			files = (
				F8AC111C22C754CD00029AF5 /* Main.storyboard in Resources */,
				F8AC111E22C7550A00029AF5 /* Assets.xcassets in Resources */,
				F8AC110D22C74F9F00029AF5 /* LaunchScreen.storyboard in Resources */,
			);
			runOnlyForDeploymentPostprocessing = 0;
		};
/* End PBXResourcesBuildPhase section */

/* Begin PBXShellScriptBuildPhase section */
		01DCC35A33F3E58DFA742F9B /* [CP] Check Pods Manifest.lock */ = {
			isa = PBXShellScriptBuildPhase;
			buildActionMask = 2147483647;
			files = (
			);
			inputFileListPaths = (
			);
			inputPaths = (
				"${PODS_PODFILE_DIR_PATH}/Podfile.lock",
				"${PODS_ROOT}/Manifest.lock",
			);
			name = "[CP] Check Pods Manifest.lock";
			outputFileListPaths = (
			);
			outputPaths = (
				"$(DERIVED_FILE_DIR)/Pods-MindBowser_Assignment-checkManifestLockResult.txt",
			);
			runOnlyForDeploymentPostprocessing = 0;
			shellPath = /bin/sh;
			shellScript = "diff \"${PODS_PODFILE_DIR_PATH}/Podfile.lock\" \"${PODS_ROOT}/Manifest.lock\" > /dev/null\nif [ $? != 0 ] ; then\n    # print error to STDERR\n    echo \"error: The sandbox is not in sync with the Podfile.lock. Run 'pod install' or update your CocoaPods installation.\" >&2\n    exit 1\nfi\n# This output is used by Xcode 'outputs' to avoid re-running this script phase.\necho \"SUCCESS\" > \"${SCRIPT_OUTPUT_FILE_0}\"\n";
			showEnvVarsInLog = 0;
		};
		7C37CE8515C20C483428806E /* [CP] Embed Pods Frameworks */ = {
			isa = PBXShellScriptBuildPhase;
			buildActionMask = 2147483647;
			files = (
			);
			inputFileListPaths = (
				"${PODS_ROOT}/Target Support Files/Pods-MindBowser_Assignment/Pods-MindBowser_Assignment-frameworks-${CONFIGURATION}-input-files.xcfilelist",
			);
			name = "[CP] Embed Pods Frameworks";
			outputFileListPaths = (
				"${PODS_ROOT}/Target Support Files/Pods-MindBowser_Assignment/Pods-MindBowser_Assignment-frameworks-${CONFIGURATION}-output-files.xcfilelist",
			);
			runOnlyForDeploymentPostprocessing = 0;
			shellPath = /bin/sh;
			shellScript = "\"${PODS_ROOT}/Target Support Files/Pods-MindBowser_Assignment/Pods-MindBowser_Assignment-frameworks.sh\"\n";
			showEnvVarsInLog = 0;
		};
		8899503D0DB8D32EA6890F8E /* [CP] Copy Pods Resources */ = {
			isa = PBXShellScriptBuildPhase;
			buildActionMask = 2147483647;
			files = (
			);
			inputFileListPaths = (
				"${PODS_ROOT}/Target Support Files/Pods-MindBowser_Assignment/Pods-MindBowser_Assignment-resources-${CONFIGURATION}-input-files.xcfilelist",
			);
			name = "[CP] Copy Pods Resources";
			outputFileListPaths = (
				"${PODS_ROOT}/Target Support Files/Pods-MindBowser_Assignment/Pods-MindBowser_Assignment-resources-${CONFIGURATION}-output-files.xcfilelist",
			);
			runOnlyForDeploymentPostprocessing = 0;
			shellPath = /bin/sh;
			shellScript = "\"${PODS_ROOT}/Target Support Files/Pods-MindBowser_Assignment/Pods-MindBowser_Assignment-resources.sh\"\n";
			showEnvVarsInLog = 0;
		};
/* End PBXShellScriptBuildPhase section */

/* Begin PBXSourcesBuildPhase section */
		F8AC10FB22C74F9D00029AF5 /* Sources */ = {
			isa = PBXSourcesBuildPhase;
			buildActionMask = 2147483647;
			files = (
				F8AC112A22C7835300029AF5 /* StreachyProfileHeaderLayout.swift in Sources */,
				F8AC110322C74F9E00029AF5 /* AppDelegate.swift in Sources */,
				F8AC113122C783E300029AF5 /* Ext-UIImageView.swift in Sources */,
				F8AC112422C75A1100029AF5 /* ApiConstants.swift in Sources */,
				F8AC112622C75A5100029AF5 /* StringConstants.swift in Sources */,
				F8AC112022C7593300029AF5 /* ApiManager.swift in Sources */,
				F8AC111A22C754A700029AF5 /* UserDetailsCollectionViewCell.swift in Sources */,
				F8AC112C22C7836700029AF5 /* ProfileHeaderView.swift in Sources */,
				F8AC112822C7834100029AF5 /* ProfileViewController.swift in Sources */,
				F8AC111822C7549700029AF5 /* LoginViewController.swift in Sources */,
				F8AC113322C784C900029AF5 /* Ext-UIViewController.swift in Sources */,
			);
			runOnlyForDeploymentPostprocessing = 0;
		};
/* End PBXSourcesBuildPhase section */

/* Begin PBXVariantGroup section */
		F8AC110B22C74F9F00029AF5 /* LaunchScreen.storyboard */ = {
			isa = PBXVariantGroup;
			children = (
				F8AC110C22C74F9F00029AF5 /* Base */,
			);
			name = LaunchScreen.storyboard;
			sourceTree = "<group>";
		};
/* End PBXVariantGroup section */

/* Begin XCBuildConfiguration section */
		F8AC110F22C74F9F00029AF5 /* Debug */ = {
			isa = XCBuildConfiguration;
			buildSettings = {
				ALWAYS_SEARCH_USER_PATHS = NO;
				CLANG_ANALYZER_NONNULL = YES;
				CLANG_ANALYZER_NUMBER_OBJECT_CONVERSION = YES_AGGRESSIVE;
				CLANG_CXX_LANGUAGE_STANDARD = "gnu++14";
				CLANG_CXX_LIBRARY = "libc++";
				CLANG_ENABLE_MODULES = YES;
				CLANG_ENABLE_OBJC_ARC = YES;
				CLANG_ENABLE_OBJC_WEAK = YES;
				CLANG_WARN_BLOCK_CAPTURE_AUTORELEASING = YES;
				CLANG_WARN_BOOL_CONVERSION = YES;
				CLANG_WARN_COMMA = YES;
				CLANG_WARN_CONSTANT_CONVERSION = YES;
				CLANG_WARN_DEPRECATED_OBJC_IMPLEMENTATIONS = YES;
				CLANG_WARN_DIRECT_OBJC_ISA_USAGE = YES_ERROR;
				CLANG_WARN_DOCUMENTATION_COMMENTS = YES;
				CLANG_WARN_EMPTY_BODY = YES;
				CLANG_WARN_ENUM_CONVERSION = YES;
				CLANG_WARN_INFINITE_RECURSION = YES;
				CLANG_WARN_INT_CONVERSION = YES;
				CLANG_WARN_NON_LITERAL_NULL_CONVERSION = YES;
				CLANG_WARN_OBJC_IMPLICIT_RETAIN_SELF = YES;
				CLANG_WARN_OBJC_LITERAL_CONVERSION = YES;
				CLANG_WARN_OBJC_ROOT_CLASS = YES_ERROR;
				CLANG_WARN_RANGE_LOOP_ANALYSIS = YES;
				CLANG_WARN_STRICT_PROTOTYPES = YES;
				CLANG_WARN_SUSPICIOUS_MOVE = YES;
				CLANG_WARN_UNGUARDED_AVAILABILITY = YES_AGGRESSIVE;
				CLANG_WARN_UNREACHABLE_CODE = YES;
				CLANG_WARN__DUPLICATE_METHOD_MATCH = YES;
				CODE_SIGN_IDENTITY = "iPhone Developer";
				COPY_PHASE_STRIP = NO;
				DEBUG_INFORMATION_FORMAT = dwarf;
				ENABLE_STRICT_OBJC_MSGSEND = YES;
				ENABLE_TESTABILITY = YES;
				GCC_C_LANGUAGE_STANDARD = gnu11;
				GCC_DYNAMIC_NO_PIC = NO;
				GCC_NO_COMMON_BLOCKS = YES;
				GCC_OPTIMIZATION_LEVEL = 0;
				GCC_PREPROCESSOR_DEFINITIONS = (
					"DEBUG=1",
					"$(inherited)",
				);
				GCC_WARN_64_TO_32_BIT_CONVERSION = YES;
				GCC_WARN_ABOUT_RETURN_TYPE = YES_ERROR;
				GCC_WARN_UNDECLARED_SELECTOR = YES;
				GCC_WARN_UNINITIALIZED_AUTOS = YES_AGGRESSIVE;
				GCC_WARN_UNUSED_FUNCTION = YES;
				GCC_WARN_UNUSED_VARIABLE = YES;
				IPHONEOS_DEPLOYMENT_TARGET = 12.2;
				MTL_ENABLE_DEBUG_INFO = INCLUDE_SOURCE;
				MTL_FAST_MATH = YES;
				ONLY_ACTIVE_ARCH = YES;
				SDKROOT = iphoneos;
				SWIFT_ACTIVE_COMPILATION_CONDITIONS = DEBUG;
				SWIFT_OPTIMIZATION_LEVEL = "-Onone";
			};
			name = Debug;
		};
		F8AC111022C74F9F00029AF5 /* Release */ = {
			isa = XCBuildConfiguration;
			buildSettings = {
				ALWAYS_SEARCH_USER_PATHS = NO;
				CLANG_ANALYZER_NONNULL = YES;
				CLANG_ANALYZER_NUMBER_OBJECT_CONVERSION = YES_AGGRESSIVE;
				CLANG_CXX_LANGUAGE_STANDARD = "gnu++14";
				CLANG_CXX_LIBRARY = "libc++";
				CLANG_ENABLE_MODULES = YES;
				CLANG_ENABLE_OBJC_ARC = YES;
				CLANG_ENABLE_OBJC_WEAK = YES;
				CLANG_WARN_BLOCK_CAPTURE_AUTORELEASING = YES;
				CLANG_WARN_BOOL_CONVERSION = YES;
				CLANG_WARN_COMMA = YES;
				CLANG_WARN_CONSTANT_CONVERSION = YES;
				CLANG_WARN_DEPRECATED_OBJC_IMPLEMENTATIONS = YES;
				CLANG_WARN_DIRECT_OBJC_ISA_USAGE = YES_ERROR;
				CLANG_WARN_DOCUMENTATION_COMMENTS = YES;
				CLANG_WARN_EMPTY_BODY = YES;
				CLANG_WARN_ENUM_CONVERSION = YES;
				CLANG_WARN_INFINITE_RECURSION = YES;
				CLANG_WARN_INT_CONVERSION = YES;
				CLANG_WARN_NON_LITERAL_NULL_CONVERSION = YES;
				CLANG_WARN_OBJC_IMPLICIT_RETAIN_SELF = YES;
				CLANG_WARN_OBJC_LITERAL_CONVERSION = YES;
				CLANG_WARN_OBJC_ROOT_CLASS = YES_ERROR;
				CLANG_WARN_RANGE_LOOP_ANALYSIS = YES;
				CLANG_WARN_STRICT_PROTOTYPES = YES;
				CLANG_WARN_SUSPICIOUS_MOVE = YES;
				CLANG_WARN_UNGUARDED_AVAILABILITY = YES_AGGRESSIVE;
				CLANG_WARN_UNREACHABLE_CODE = YES;
				CLANG_WARN__DUPLICATE_METHOD_MATCH = YES;
				CODE_SIGN_IDENTITY = "iPhone Developer";
				COPY_PHASE_STRIP = NO;
				DEBUG_INFORMATION_FORMAT = "dwarf-with-dsym";
				ENABLE_NS_ASSERTIONS = NO;
				ENABLE_STRICT_OBJC_MSGSEND = YES;
				GCC_C_LANGUAGE_STANDARD = gnu11;
				GCC_NO_COMMON_BLOCKS = YES;
				GCC_WARN_64_TO_32_BIT_CONVERSION = YES;
				GCC_WARN_ABOUT_RETURN_TYPE = YES_ERROR;
				GCC_WARN_UNDECLARED_SELECTOR = YES;
				GCC_WARN_UNINITIALIZED_AUTOS = YES_AGGRESSIVE;
				GCC_WARN_UNUSED_FUNCTION = YES;
				GCC_WARN_UNUSED_VARIABLE = YES;
				IPHONEOS_DEPLOYMENT_TARGET = 12.2;
				MTL_ENABLE_DEBUG_INFO = NO;
				MTL_FAST_MATH = YES;
				SDKROOT = iphoneos;
				SWIFT_COMPILATION_MODE = wholemodule;
				SWIFT_OPTIMIZATION_LEVEL = "-O";
				VALIDATE_PRODUCT = YES;
			};
			name = Release;
		};
		F8AC111222C74F9F00029AF5 /* Debug */ = {
			isa = XCBuildConfiguration;
			baseConfigurationReference = 99B68F0B640A0FDB08E64CA8 /* Pods-MindBowser_Assignment.debug.xcconfig */;
			buildSettings = {
				ASSETCATALOG_COMPILER_APPICON_NAME = AppIcon;
				CODE_SIGN_STYLE = Automatic;
				DEVELOPMENT_TEAM = 7YNKRE29SD;
				INFOPLIST_FILE = MindBowser_Assignment/Info.plist;
				IPHONEOS_DEPLOYMENT_TARGET = 10.0;
				LD_RUNPATH_SEARCH_PATHS = (
					"$(inherited)",
					"@executable_path/Frameworks",
				);
				PRODUCT_BUNDLE_IDENTIFIER = "com.rex.com.MindBowser-Assignment";
				PRODUCT_NAME = "$(TARGET_NAME)";
				SWIFT_VERSION = 5.0;
				TARGETED_DEVICE_FAMILY = "1,2";
			};
			name = Debug;
		};
		F8AC111322C74F9F00029AF5 /* Release */ = {
			isa = XCBuildConfiguration;
			baseConfigurationReference = 8D6F44C88FED3216DCD18701 /* Pods-MindBowser_Assignment.release.xcconfig */;
			buildSettings = {
				ASSETCATALOG_COMPILER_APPICON_NAME = AppIcon;
				CODE_SIGN_STYLE = Automatic;
				DEVELOPMENT_TEAM = 7YNKRE29SD;
				INFOPLIST_FILE = MindBowser_Assignment/Info.plist;
				IPHONEOS_DEPLOYMENT_TARGET = 10.0;
				LD_RUNPATH_SEARCH_PATHS = (
					"$(inherited)",
					"@executable_path/Frameworks",
				);
				PRODUCT_BUNDLE_IDENTIFIER = "com.rex.com.MindBowser-Assignment";
				PRODUCT_NAME = "$(TARGET_NAME)";
				SWIFT_VERSION = 5.0;
				TARGETED_DEVICE_FAMILY = "1,2";
			};
			name = Release;
		};
/* End XCBuildConfiguration section */

/* Begin XCConfigurationList section */
		F8AC10FA22C74F9D00029AF5 /* Build configuration list for PBXProject "MindBowser_Assignment" */ = {
			isa = XCConfigurationList;
			buildConfigurations = (
				F8AC110F22C74F9F00029AF5 /* Debug */,
				F8AC111022C74F9F00029AF5 /* Release */,
			);
			defaultConfigurationIsVisible = 0;
			defaultConfigurationName = Release;
		};
		F8AC111122C74F9F00029AF5 /* Build configuration list for PBXNativeTarget "MindBowser_Assignment" */ = {
			isa = XCConfigurationList;
			buildConfigurations = (
				F8AC111222C74F9F00029AF5 /* Debug */,
				F8AC111322C74F9F00029AF5 /* Release */,
			);
			defaultConfigurationIsVisible = 0;
			defaultConfigurationName = Release;
		};
/* End XCConfigurationList section */
	};
	rootObject = F8AC10F722C74F9D00029AF5 /* Project object */;
}
